{
  "name": "steamboat",
  "version": "0.1.0",
  "lockfileVersion": 1,
  "requires": true,
  "dependencies": {
    "nodehp": {
      "version": "1.4.2",
      "resolved": "https://registry.npmjs.org/nodehp/-/nodehp-1.4.2.tgz",
      "integrity": "sha512-a9Sv4J8ybQ6b4WP/ueUQ2ylTWz0PJqpdWs33X9YLUM1C6vR14x5XE0UIaTXARdu5oyQfGHKc6L+r5vRsbZb/NA=="
    },
    "virtuosity-server": {
      "version": "0.6.10",
      "resolved": "https://registry.npmjs.org/virtuosity-server/-/virtuosity-server-0.6.10.tgz",
      "integrity": "sha512-pm16tOaw5aCzQhpFIdTTcj6h2tMJhSLeWKq0jeI6G+uip9c8urrYlLAB/LzRjNaCZAMNI8+6+a7KQzYawAIGWA=="
    }
  }
}
